// !$*UTF8*$!
{
	archiveVersion = 1;
	classes = {
	};
	objectVersion = 50;
	objects = {

/* Begin PBXBuildFile section */
		5B4EA3FD2101AD5800C2BC2D /* LinkedBag340.cpp in Sources */ = {isa = PBXBuildFile; fileRef = 5B4EA3F82101AD5700C2BC2D /* LinkedBag340.cpp */; };
		5B4EA3FE2101AD5800C2BC2D /* LinkedBagClient340.cpp in Sources */ = {isa = PBXBuildFile; fileRef = 5B4EA3FA2101AD5700C2BC2D /* LinkedBagClient340.cpp */; };
		5B4EA3FF2101AD5800C2BC2D /* LinkedBag.cpp in Sources */ = {isa = PBXBuildFile; fileRef = 5B4EA3FB2101AD5700C2BC2D /* LinkedBag.cpp */; };
		5B4EA4002101AD5800C2BC2D /* Node.cpp in Sources */ = {isa = PBXBuildFile; fileRef = 5B4EA3FC2101AD5800C2BC2D /* Node.cpp */; };
/* End PBXBuildFile section */

/* Begin PBXCopyFilesBuildPhase section */
		5B4EA3EA2101ACE800C2BC2D /* CopyFiles */ = {
			isa = PBXCopyFilesBuildPhase;
			buildActionMask = 2147483647;
			dstPath = /usr/share/man/man1/;
			dstSubfolderSpec = 0;
			files = (
			);
			runOnlyForDeploymentPostprocessing = 1;
		};
/* End PBXCopyFilesBuildPhase section */

/* Begin PBXFileReference section */
		5B4EA3EC2101ACE800C2BC2D /* Assignment-02 */ = {isa = PBXFileReference; explicitFileType = "compiled.mach-o.executable"; includeInIndex = 0; path = "Assignment-02"; sourceTree = BUILT_PRODUCTS_DIR; };
		5B4EA3F62101AD5700C2BC2D /* BagInterface.h */ = {isa = PBXFileReference; fileEncoding = 4; lastKnownFileType = sourcecode.c.h; path = BagInterface.h; sourceTree = "<group>"; };
		5B4EA3F72101AD5700C2BC2D /* Node.h */ = {isa = PBXFileReference; fileEncoding = 4; lastKnownFileType = sourcecode.c.h; path = Node.h; sourceTree = "<group>"; };
		5B4EA3F82101AD5700C2BC2D /* LinkedBag340.cpp */ = {isa = PBXFileReference; fileEncoding = 4; lastKnownFileType = sourcecode.cpp.cpp; path = LinkedBag340.cpp; sourceTree = "<group>"; };
		5B4EA3F92101AD5700C2BC2D /* LinkedBag.h */ = {isa = PBXFileReference; fileEncoding = 4; lastKnownFileType = sourcecode.c.h; path = LinkedBag.h; sourceTree = "<group>"; };
		5B4EA3FA2101AD5700C2BC2D /* LinkedBagClient340.cpp */ = {isa = PBXFileReference; fileEncoding = 4; lastKnownFileType = sourcecode.cpp.cpp; path = LinkedBagClient340.cpp; sourceTree = "<group>"; };
		5B4EA3FB2101AD5700C2BC2D /* LinkedBag.cpp */ = {isa = PBXFileReference; fileEncoding = 4; lastKnownFileType = sourcecode.cpp.cpp; path = LinkedBag.cpp; sourceTree = "<group>"; };
		5B4EA3FC2101AD5800C2BC2D /* Node.cpp */ = {isa = PBXFileReference; fileEncoding = 4; lastKnownFileType = sourcecode.cpp.cpp; path = Node.cpp; sourceTree = "<group>"; };
/* End PBXFileReference section */

/* Begin PBXFrameworksBuildPhase section */
		5B4EA3E92101ACE800C2BC2D /* Frameworks */ = {
			isa = PBXFrameworksBuildPhase;
			buildActionMask = 2147483647;
			files = (
			);
			runOnlyForDeploymentPostprocessing = 0;
		};
/* End PBXFrameworksBuildPhase section */

/* Begin PBXGroup section */
		5B4EA3E32101ACE800C2BC2D = {
			isa = PBXGroup;
			children = (
				5B4EA3EE2101ACE800C2BC2D /* Assignment-02 */,
				5B4EA3ED2101ACE800C2BC2D /* Products */,
			);
			sourceTree = "<group>";
		};
		5B4EA3ED2101ACE800C2BC2D /* Products */ = {
			isa = PBXGroup;
			children = (
				5B4EA3EC2101ACE800C2BC2D /* Assignment-02 */,
			);
			name = Products;
			sourceTree = "<group>";
		};
		5B4EA3EE2101ACE800C2BC2D /* Assignment-02 */ = {
			isa = PBXGroup;
			children = (
				5B4EA3F62101AD5700C2BC2D /* BagInterface.h */,
				5B4EA3FB2101AD5700C2BC2D /* LinkedBag.cpp */,
				5B4EA3F92101AD5700C2BC2D /* LinkedBag.h */,
				5B4EA3F82101AD5700C2BC2D /* LinkedBag340.cpp */,
				5B4EA3FA2101AD5700C2BC2D /* LinkedBagClient340.cpp */,
				5B4EA3FC2101AD5800C2BC2D /* Node.cpp */,
				5B4EA3F72101AD5700C2BC2D /* Node.h */,
			);
			path = "Assignment-02";
			sourceTree = "<group>";
		};
/* End PBXGroup section */

/* Begin PBXNativeTarget section */
		5B4EA3EB2101ACE800C2BC2D /* Assignment-02 */ = {
			isa = PBXNativeTarget;
			buildConfigurationList = 5B4EA3F32101ACE800C2BC2D /* Build configuration list for PBXNativeTarget "Assignment-02" */;
			buildPhases = (
				5B4EA3E82101ACE800C2BC2D /* Sources */,
				5B4EA3E92101ACE800C2BC2D /* Frameworks */,
				5B4EA3EA2101ACE800C2BC2D /* CopyFiles */,
			);
			buildRules = (
			);
			dependencies = (
			);
			name = "Assignment-02";
			productName = "Assignment-02";
			productReference = 5B4EA3EC2101ACE800C2BC2D /* Assignment-02 */;
			productType = "com.apple.product-type.tool";
		};
/* End PBXNativeTarget section */

/* Begin PBXProject section */
		5B4EA3E42101ACE800C2BC2D /* Project object */ = {
			isa = PBXProject;
			attributes = {
				LastUpgradeCheck = 0940;
				ORGANIZATIONNAME = "Cristobal Padilla";
				TargetAttributes = {
					5B4EA3EB2101ACE800C2BC2D = {
						CreatedOnToolsVersion = 9.4.1;
					};
				};
			};
			buildConfigurationList = 5B4EA3E72101ACE800C2BC2D /* Build configuration list for PBXProject "Assignment-02" */;
			compatibilityVersion = "Xcode 9.3";
			developmentRegion = en;
			hasScannedForEncodings = 0;
			knownRegions = (
				en,
			);
			mainGroup = 5B4EA3E32101ACE800C2BC2D;
			productRefGroup = 5B4EA3ED2101ACE800C2BC2D /* Products */;
			projectDirPath = "";
			projectRoot = "";
			targets = (
				5B4EA3EB2101ACE800C2BC2D /* Assignment-02 */,
			);
		};
/* End PBXProject section */

/* Begin PBXSourcesBuildPhase section */
		5B4EA3E82101ACE800C2BC2D /* Sources */ = {
			isa = PBXSourcesBuildPhase;
			buildActionMask = 2147483647;
			files = (
				5B4EA3FD2101AD5800C2BC2D /* LinkedBag340.cpp in Sources */,
				5B4EA3FE2101AD5800C2BC2D /* LinkedBagClient340.cpp in Sources */,
				5B4EA3FF2101AD5800C2BC2D /* LinkedBag.cpp in Sources */,
				5B4EA4002101AD5800C2BC2D /* Node.cpp in Sources */,
			);
			runOnlyForDeploymentPostprocessing = 0;
		};
/* End PBXSourcesBuildPhase section */

/* Begin XCBuildConfiguration section */
		5B4EA3F12101ACE800C2BC2D /* Debug */ = {
			isa = XCBuildConfiguration;
			buildSettings = {
				ALWAYS_SEARCH_USER_PATHS = NO;
				CLANG_ANALYZER_NONNULL = YES;
				CLANG_ANALYZER_NUMBER_OBJECT_CONVERSION = YES_AGGRESSIVE;
				CLANG_CXX_LANGUAGE_STANDARD = "gnu++14";
				CLANG_CXX_LIBRARY = "libc++";
				CLANG_ENABLE_MODULES = YES;
				CLANG_ENABLE_OBJC_ARC = YES;
				CLANG_ENABLE_OBJC_WEAK = YES;
				CLANG_WARN_BLOCK_CAPTURE_AUTORELEASING = YES;
				CLANG_WARN_BOOL_CONVERSION = YES;
				CLANG_WARN_COMMA = YES;
				CLANG_WARN_CONSTANT_CONVERSION = YES;
				CLANG_WARN_DEPRECATED_OBJC_IMPLEMENTATIONS = YES;
				CLANG_WARN_DIRECT_OBJC_ISA_USAGE = YES_ERROR;
				CLANG_WARN_DOCUMENTATION_COMMENTS = YES;
				CLANG_WARN_EMPTY_BODY = YES;
				CLANG_WARN_ENUM_CONVERSION = YES;
				CLANG_WARN_INFINITE_RECURSION = YES;
				CLANG_WARN_INT_CONVERSION = YES;
				CLANG_WARN_NON_LITERAL_NULL_CONVERSION = YES;
				CLANG_WARN_OBJC_IMPLICIT_RETAIN_SELF = YES;
				CLANG_WARN_OBJC_LITERAL_CONVERSION = YES;
				CLANG_WARN_OBJC_ROOT_CLASS = YES_ERROR;
				CLANG_WARN_RANGE_LOOP_ANALYSIS = YES;
				CLANG_WARN_STRICT_PROTOTYPES = YES;
				CLANG_WARN_SUSPICIOUS_MOVE = YES;
				CLANG_WARN_UNGUARDED_AVAILABILITY = YES_AGGRESSIVE;
				CLANG_WARN_UNREACHABLE_CODE = YES;
				CLANG_WARN__DUPLICATE_METHOD_MATCH = YES;
				CODE_SIGN_IDENTITY = "-";
				COPY_PHASE_STRIP = NO;
				DEBUG_INFORMATION_FORMAT = dwarf;
				ENABLE_STRICT_OBJC_MSGSEND = YES;
				ENABLE_TESTABILITY = YES;
				GCC_C_LANGUAGE_STANDARD = gnu11;
				GCC_DYNAMIC_NO_PIC = NO;
				GCC_NO_COMMON_BLOCKS = YES;
				GCC_OPTIMIZATION_LEVEL = 0;
				GCC_PREPROCESSOR_DEFINITIONS = (
					"DEBUG=1",
					"$(inherited)",
				);
				GCC_WARN_64_TO_32_BIT_CONVERSION = YES;
				GCC_WARN_ABOUT_RETURN_TYPE = YES_ERROR;
				GCC_WARN_UNDECLARED_SELECTOR = YES;
				GCC_WARN_UNINITIALIZED_AUTOS = YES_AGGRESSIVE;
				GCC_WARN_UNUSED_FUNCTION = YES;
				GCC_WARN_UNUSED_VARIABLE = YES;
				MACOSX_DEPLOYMENT_TARGET = 10.13;
				MTL_ENABLE_DEBUG_INFO = YES;
				ONLY_ACTIVE_ARCH = YES;
				SDKROOT = macosx;
			};
			name = Debug;
		};
		5B4EA3F22101ACE800C2BC2D /* Release */ = {
			isa = XCBuildConfiguration;
			buildSettings = {
				ALWAYS_SEARCH_USER_PATHS = NO;
				CLANG_ANALYZER_NONNULL = YES;
				CLANG_ANALYZER_NUMBER_OBJECT_CONVERSION = YES_AGGRESSIVE;
				CLANG_CXX_LANGUAGE_STANDARD = "gnu++14";
				CLANG_CXX_LIBRARY = "libc++";
				CLANG_ENABLE_MODULES = YES;
				CLANG_ENABLE_OBJC_ARC = YES;
				CLANG_ENABLE_OBJC_WEAK = YES;
				CLANG_WARN_BLOCK_CAPTURE_AUTORELEASING = YES;
				CLANG_WARN_BOOL_CONVERSION = YES;
				CLANG_WARN_COMMA = YES;
				CLANG_WARN_CONSTANT_CONVERSION = YES;
				CLANG_WARN_DEPRECATED_OBJC_IMPLEMENTATIONS = YES;
				CLANG_WARN_DIRECT_OBJC_ISA_USAGE = YES_ERROR;
				CLANG_WARN_DOCUMENTATION_COMMENTS = YES;
				CLANG_WARN_EMPTY_BODY = YES;
				CLANG_WARN_ENUM_CONVERSION = YES;
				CLANG_WARN_INFINITE_RECURSION = YES;
				CLANG_WARN_INT_CONVERSION = YES;
				CLANG_WARN_NON_LITERAL_NULL_CONVERSION = YES;
				CLANG_WARN_OBJC_IMPLICIT_RETAIN_SELF = YES;
				CLANG_WARN_OBJC_LITERAL_CONVERSION = YES;
				CLANG_WARN_OBJC_ROOT_CLASS = YES_ERROR;
				CLANG_WARN_RANGE_LOOP_ANALYSIS = YES;
				CLANG_WARN_STRICT_PROTOTYPES = YES;
				CLANG_WARN_SUSPICIOUS_MOVE = YES;
				CLANG_WARN_UNGUARDED_AVAILABILITY = YES_AGGRESSIVE;
				CLANG_WARN_UNREACHABLE_CODE = YES;
				CLANG_WARN__DUPLICATE_METHOD_MATCH = YES;
				CODE_SIGN_IDENTITY = "-";
				COPY_PHASE_STRIP = NO;
				DEBUG_INFORMATION_FORMAT = "dwarf-with-dsym";
				ENABLE_NS_ASSERTIONS = NO;
				ENABLE_STRICT_OBJC_MSGSEND = YES;
				GCC_C_LANGUAGE_STANDARD = gnu11;
				GCC_NO_COMMON_BLOCKS = YES;
				GCC_WARN_64_TO_32_BIT_CONVERSION = YES;
				GCC_WARN_ABOUT_RETURN_TYPE = YES_ERROR;
				GCC_WARN_UNDECLARED_SELECTOR = YES;
				GCC_WARN_UNINITIALIZED_AUTOS = YES_AGGRESSIVE;
				GCC_WARN_UNUSED_FUNCTION = YES;
				GCC_WARN_UNUSED_VARIABLE = YES;
				MACOSX_DEPLOYMENT_TARGET = 10.13;
				MTL_ENABLE_DEBUG_INFO = NO;
				SDKROOT = macosx;
			};
			name = Release;
		};
		5B4EA3F42101ACE800C2BC2D /* Debug */ = {
			isa = XCBuildConfiguration;
			buildSettings = {
				CODE_SIGN_STYLE = Automatic;
				PRODUCT_NAME = "$(TARGET_NAME)";
			};
			name = Debug;
		};
		5B4EA3F52101ACE800C2BC2D /* Release */ = {
			isa = XCBuildConfiguration;
			buildSettings = {
				CODE_SIGN_STYLE = Automatic;
				PRODUCT_NAME = "$(TARGET_NAME)";
			};
			name = Release;
		};
/* End XCBuildConfiguration section */

/* Begin XCConfigurationList section */
		5B4EA3E72101ACE800C2BC2D /* Build configuration list for PBXProject "Assignment-02" */ = {
			isa = XCConfigurationList;
			buildConfigurations = (
				5B4EA3F12101ACE800C2BC2D /* Debug */,
				5B4EA3F22101ACE800C2BC2D /* Release */,
			);
			defaultConfigurationIsVisible = 0;
			defaultConfigurationName = Release;
		};
		5B4EA3F32101ACE800C2BC2D /* Build configuration list for PBXNativeTarget "Assignment-02" */ = {
			isa = XCConfigurationList;
			buildConfigurations = (
				5B4EA3F42101ACE800C2BC2D /* Debug */,
				5B4EA3F52101ACE800C2BC2D /* Release */,
			);
			defaultConfigurationIsVisible = 0;
			defaultConfigurationName = Release;
		};
/* End XCConfigurationList section */
	};
	rootObject = 5B4EA3E42101ACE800C2BC2D /* Project object */;
}
